
Microsoft Visual Studio Solution File, Format Version 12.00
# Visual Studio 15
VisualStudioVersion = 15.0.28307.136
MinimumVisualStudioVersion = 10.0.40219.1
Project("{9A19103F-16F7-4668-BE54-9A1E7A4F7556}") = "SendGridSample", "SendGridSample\SendGridSample.csproj", "{2414ADFA-AACE-4DB5-AB29-8FD82A65BA83}"
EndProject
Project("{E53339B2-1760-4266-BCC7-CA923CBCF16C}") = "docker-compose", "docker-compose.dcproj", "{FD06C5CF-60FE-4ACD-97A9-503832C8436C}"
EndProject
Project("{2150E333-8FDC-42A3-9474-1A3956D46DE8}") = "Solution Items", "Solution Items", "{B24F0378-ED55-4C30-BFCD-781D2874F604}"
	ProjectSection(SolutionItems) = preProject
		.gitignore = .gitignore
	EndProjectSection
EndProject
Global
	GlobalSection(SolutionConfigurationPlatforms) = preSolution
		Debug|Any CPU = Debug|Any CPU
		Release|Any CPU = Release|Any CPU
	EndGlobalSection
	GlobalSection(ProjectConfigurationPlatforms) = postSolution
		{2414ADFA-AACE-4DB5-AB29-8FD82A65BA83}.Debug|Any CPU.ActiveCfg = Debug|Any CPU
		{2414ADFA-AACE-4DB5-AB29-8FD82A65BA83}.Debug|Any CPU.Build.0 = Debug|Any CPU
		{2414ADFA-AACE-4DB5-AB29-8FD82A65BA83}.Release|Any CPU.ActiveCfg = Release|Any CPU
		{2414ADFA-AACE-4DB5-AB29-8FD82A65BA83}.Release|Any CPU.Build.0 = Release|Any CPU
		{FD06C5CF-60FE-4ACD-97A9-503832C8436C}.Debug|Any CPU.ActiveCfg = Debug|Any CPU
		{FD06C5CF-60FE-4ACD-97A9-503832C8436C}.Debug|Any CPU.Build.0 = Debug|Any CPU
		{FD06C5CF-60FE-4ACD-97A9-503832C8436C}.Release|Any CPU.ActiveCfg = Release|Any CPU
		{FD06C5CF-60FE-4ACD-97A9-503832C8436C}.Release|Any CPU.Build.0 = Release|Any CPU
	EndGlobalSection
	GlobalSection(SolutionProperties) = preSolution
		HideSolutionNode = FALSE
	EndGlobalSection
	GlobalSection(ExtensibilityGlobals) = postSolution
		SolutionGuid = {1E8C41BA-6511-4ABD-A4A9-7EB7D0B8AEE0}
	EndGlobalSection
EndGlobal
